// !$*UTF8*$!
{
	archiveVersion = 1;
	classes = {
	};
	objectVersion = 50;
	objects = {

/* Begin PBXBuildFile section */
		61112508244DFBD900AA5A7F /* AppDelegate.swift in Sources */ = {isa = PBXBuildFile; fileRef = 61112507244DFBD900AA5A7F /* AppDelegate.swift */; };
		6111250A244DFBD900AA5A7F /* SceneDelegate.swift in Sources */ = {isa = PBXBuildFile; fileRef = 61112509244DFBD900AA5A7F /* SceneDelegate.swift */; };
		6111250C244DFBD900AA5A7F /* ViewController.swift in Sources */ = {isa = PBXBuildFile; fileRef = 6111250B244DFBD900AA5A7F /* ViewController.swift */; };
		6111250F244DFBD900AA5A7F /* Main.storyboard in Resources */ = {isa = PBXBuildFile; fileRef = 6111250D244DFBD900AA5A7F /* Main.storyboard */; };
		61112511244DFBDA00AA5A7F /* Assets.xcassets in Resources */ = {isa = PBXBuildFile; fileRef = 61112510244DFBDA00AA5A7F /* Assets.xcassets */; };
		61112514244DFBDA00AA5A7F /* LaunchScreen.storyboard in Resources */ = {isa = PBXBuildFile; fileRef = 61112512244DFBDA00AA5A7F /* LaunchScreen.storyboard */; };
		6111251C244E1B0700AA5A7F /* Pertanyaan.swift in Sources */ = {isa = PBXBuildFile; fileRef = 6111251B244E1B0700AA5A7F /* Pertanyaan.swift */; };
		61BD180B244F260900D7BB42 /* SimpleQuiz.swift in Sources */ = {isa = PBXBuildFile; fileRef = 61BD180A244F260900D7BB42 /* SimpleQuiz.swift */; };
/* End PBXBuildFile section */

/* Begin PBXFileReference section */
		61112504244DFBD900AA5A7F /* Simple-Quiz.app */ = {isa = PBXFileReference; explicitFileType = wrapper.application; includeInIndex = 0; path = "Simple-Quiz.app"; sourceTree = BUILT_PRODUCTS_DIR; };
		61112507244DFBD900AA5A7F /* AppDelegate.swift */ = {isa = PBXFileReference; lastKnownFileType = sourcecode.swift; path = AppDelegate.swift; sourceTree = "<group>"; };
		61112509244DFBD900AA5A7F /* SceneDelegate.swift */ = {isa = PBXFileReference; lastKnownFileType = sourcecode.swift; path = SceneDelegate.swift; sourceTree = "<group>"; };
		6111250B244DFBD900AA5A7F /* ViewController.swift */ = {isa = PBXFileReference; lastKnownFileType = sourcecode.swift; path = ViewController.swift; sourceTree = "<group>"; };
		6111250E244DFBD900AA5A7F /* Base */ = {isa = PBXFileReference; lastKnownFileType = file.storyboard; name = Base; path = Base.lproj/Main.storyboard; sourceTree = "<group>"; };
		61112510244DFBDA00AA5A7F /* Assets.xcassets */ = {isa = PBXFileReference; lastKnownFileType = folder.assetcatalog; path = Assets.xcassets; sourceTree = "<group>"; };
		61112513244DFBDA00AA5A7F /* Base */ = {isa = PBXFileReference; lastKnownFileType = file.storyboard; name = Base; path = Base.lproj/LaunchScreen.storyboard; sourceTree = "<group>"; };
		61112515244DFBDA00AA5A7F /* Info.plist */ = {isa = PBXFileReference; lastKnownFileType = text.plist.xml; path = Info.plist; sourceTree = "<group>"; };
		6111251B244E1B0700AA5A7F /* Pertanyaan.swift */ = {isa = PBXFileReference; lastKnownFileType = sourcecode.swift; path = Pertanyaan.swift; sourceTree = "<group>"; };
		61BD180A244F260900D7BB42 /* SimpleQuiz.swift */ = {isa = PBXFileReference; lastKnownFileType = sourcecode.swift; path = SimpleQuiz.swift; sourceTree = "<group>"; };
/* End PBXFileReference section */

/* Begin PBXFrameworksBuildPhase section */
		61112501244DFBD900AA5A7F /* Frameworks */ = {
			isa = PBXFrameworksBuildPhase;
			buildActionMask = 2147483647;
			files = (
			);
			runOnlyForDeploymentPostprocessing = 0;
		};
/* End PBXFrameworksBuildPhase section */

/* Begin PBXGroup section */
		611124FB244DFBD900AA5A7F = {
			isa = PBXGroup;
			children = (
				61112506244DFBD900AA5A7F /* Simple-Quiz */,
				61112505244DFBD900AA5A7F /* Products */,
			);
			sourceTree = "<group>";
		};
		61112505244DFBD900AA5A7F /* Products */ = {
			isa = PBXGroup;
			children = (
				61112504244DFBD900AA5A7F /* Simple-Quiz.app */,
			);
			name = Products;
			sourceTree = "<group>";
		};
		61112506244DFBD900AA5A7F /* Simple-Quiz */ = {
			isa = PBXGroup;
			children = (
				61112507244DFBD900AA5A7F /* AppDelegate.swift */,
				61112509244DFBD900AA5A7F /* SceneDelegate.swift */,
				61BD1807244F259E00D7BB42 /* Model */,
				61BD1808244F25B200D7BB42 /* View */,
				61BD1809244F25BB00D7BB42 /* Controller */,
				61112510244DFBDA00AA5A7F /* Assets.xcassets */,
				61112515244DFBDA00AA5A7F /* Info.plist */,
			);
			path = "Simple-Quiz";
			sourceTree = "<group>";
		};
		61BD1807244F259E00D7BB42 /* Model */ = {
			isa = PBXGroup;
			children = (
				6111251B244E1B0700AA5A7F /* Pertanyaan.swift */,
				61BD180A244F260900D7BB42 /* SimpleQuiz.swift */,
			);
			path = Model;
			sourceTree = "<group>";
		};
		61BD1808244F25B200D7BB42 /* View */ = {
			isa = PBXGroup;
			children = (
				6111250D244DFBD900AA5A7F /* Main.storyboard */,
				61112512244DFBDA00AA5A7F /* LaunchScreen.storyboard */,
			);
			path = View;
			sourceTree = "<group>";
		};
		61BD1809244F25BB00D7BB42 /* Controller */ = {
			isa = PBXGroup;
			children = (
				6111250B244DFBD900AA5A7F /* ViewController.swift */,
			);
			path = Controller;
			sourceTree = "<group>";
		};
/* End PBXGroup section */

/* Begin PBXNativeTarget section */
		61112503244DFBD900AA5A7F /* Simple-Quiz */ = {
			isa = PBXNativeTarget;
			buildConfigurationList = 61112518244DFBDA00AA5A7F /* Build configuration list for PBXNativeTarget "Simple-Quiz" */;
			buildPhases = (
				61112500244DFBD900AA5A7F /* Sources */,
				61112501244DFBD900AA5A7F /* Frameworks */,
				61112502244DFBD900AA5A7F /* Resources */,
			);
			buildRules = (
			);
			dependencies = (
			);
			name = "Simple-Quiz";
			productName = "Simple-Quiz";
			productReference = 61112504244DFBD900AA5A7F /* Simple-Quiz.app */;
			productType = "com.apple.product-type.application";
		};
/* End PBXNativeTarget section */

/* Begin PBXProject section */
		611124FC244DFBD900AA5A7F /* Project object */ = {
			isa = PBXProject;
			attributes = {
				LastSwiftUpdateCheck = 1120;
				LastUpgradeCheck = 1120;
				ORGANIZATIONNAME = "Randy Efan Jayaputra";
				TargetAttributes = {
					61112503244DFBD900AA5A7F = {
						CreatedOnToolsVersion = 11.2.1;
					};
				};
			};
			buildConfigurationList = 611124FF244DFBD900AA5A7F /* Build configuration list for PBXProject "Simple-Quiz" */;
			compatibilityVersion = "Xcode 9.3";
			developmentRegion = en;
			hasScannedForEncodings = 0;
			knownRegions = (
				en,
				Base,
			);
			mainGroup = 611124FB244DFBD900AA5A7F;
			productRefGroup = 61112505244DFBD900AA5A7F /* Products */;
			projectDirPath = "";
			projectRoot = "";
			targets = (
				61112503244DFBD900AA5A7F /* Simple-Quiz */,
			);
		};
/* End PBXProject section */

/* Begin PBXResourcesBuildPhase section */
		61112502244DFBD900AA5A7F /* Resources */ = {
			isa = PBXResourcesBuildPhase;
			buildActionMask = 2147483647;
			files = (
				61112514244DFBDA00AA5A7F /* LaunchScreen.storyboard in Resources */,
				61112511244DFBDA00AA5A7F /* Assets.xcassets in Resources */,
				6111250F244DFBD900AA5A7F /* Main.storyboard in Resources */,
			);
			runOnlyForDeploymentPostprocessing = 0;
		};
/* End PBXResourcesBuildPhase section */

/* Begin PBXSourcesBuildPhase section */
		61112500244DFBD900AA5A7F /* Sources */ = {
			isa = PBXSourcesBuildPhase;
			buildActionMask = 2147483647;
			files = (
				6111250C244DFBD900AA5A7F /* ViewController.swift in Sources */,
				61112508244DFBD900AA5A7F /* AppDelegate.swift in Sources */,
				61BD180B244F260900D7BB42 /* SimpleQuiz.swift in Sources */,
				6111251C244E1B0700AA5A7F /* Pertanyaan.swift in Sources */,
				6111250A244DFBD900AA5A7F /* SceneDelegate.swift in Sources */,
			);
			runOnlyForDeploymentPostprocessing = 0;
		};
/* End PBXSourcesBuildPhase section */

/* Begin PBXVariantGroup section */
		6111250D244DFBD900AA5A7F /* Main.storyboard */ = {
			isa = PBXVariantGroup;
			children = (
				6111250E244DFBD900AA5A7F /* Base */,
			);
			name = Main.storyboard;
			sourceTree = "<group>";
		};
		61112512244DFBDA00AA5A7F /* LaunchScreen.storyboard */ = {
			isa = PBXVariantGroup;
			children = (
				61112513244DFBDA00AA5A7F /* Base */,
			);
			name = LaunchScreen.storyboard;
			sourceTree = "<group>";
		};
/* End PBXVariantGroup section */

/* Begin XCBuildConfiguration section */
		61112516244DFBDA00AA5A7F /* Debug */ = {
			isa = XCBuildConfiguration;
			buildSettings = {
				ALWAYS_SEARCH_USER_PATHS = NO;
				CLANG_ANALYZER_NONNULL = YES;
				CLANG_ANALYZER_NUMBER_OBJECT_CONVERSION = YES_AGGRESSIVE;
				CLANG_CXX_LANGUAGE_STANDARD = "gnu++14";
				CLANG_CXX_LIBRARY = "libc++";
				CLANG_ENABLE_MODULES = YES;
				CLANG_ENABLE_OBJC_ARC = YES;
				CLANG_ENABLE_OBJC_WEAK = YES;
				CLANG_WARN_BLOCK_CAPTURE_AUTORELEASING = YES;
				CLANG_WARN_BOOL_CONVERSION = YES;
				CLANG_WARN_COMMA = YES;
				CLANG_WARN_CONSTANT_CONVERSION = YES;
				CLANG_WARN_DEPRECATED_OBJC_IMPLEMENTATIONS = YES;
				CLANG_WARN_DIRECT_OBJC_ISA_USAGE = YES_ERROR;
				CLANG_WARN_DOCUMENTATION_COMMENTS = YES;
				CLANG_WARN_EMPTY_BODY = YES;
				CLANG_WARN_ENUM_CONVERSION = YES;
				CLANG_WARN_INFINITE_RECURSION = YES;
				CLANG_WARN_INT_CONVERSION = YES;
				CLANG_WARN_NON_LITERAL_NULL_CONVERSION = YES;
				CLANG_WARN_OBJC_IMPLICIT_RETAIN_SELF = YES;
				CLANG_WARN_OBJC_LITERAL_CONVERSION = YES;
				CLANG_WARN_OBJC_ROOT_CLASS = YES_ERROR;
				CLANG_WARN_RANGE_LOOP_ANALYSIS = YES;
				CLANG_WARN_STRICT_PROTOTYPES = YES;
				CLANG_WARN_SUSPICIOUS_MOVE = YES;
				CLANG_WARN_UNGUARDED_AVAILABILITY = YES_AGGRESSIVE;
				CLANG_WARN_UNREACHABLE_CODE = YES;
				CLANG_WARN__DUPLICATE_METHOD_MATCH = YES;
				COPY_PHASE_STRIP = NO;
				DEBUG_INFORMATION_FORMAT = dwarf;
				ENABLE_STRICT_OBJC_MSGSEND = YES;
				ENABLE_TESTABILITY = YES;
				GCC_C_LANGUAGE_STANDARD = gnu11;
				GCC_DYNAMIC_NO_PIC = NO;
				GCC_NO_COMMON_BLOCKS = YES;
				GCC_OPTIMIZATION_LEVEL = 0;
				GCC_PREPROCESSOR_DEFINITIONS = (
					"DEBUG=1",
					"$(inherited)",
				);
				GCC_WARN_64_TO_32_BIT_CONVERSION = YES;
				GCC_WARN_ABOUT_RETURN_TYPE = YES_ERROR;
				GCC_WARN_UNDECLARED_SELECTOR = YES;
				GCC_WARN_UNINITIALIZED_AUTOS = YES_AGGRESSIVE;
				GCC_WARN_UNUSED_FUNCTION = YES;
				GCC_WARN_UNUSED_VARIABLE = YES;
				IPHONEOS_DEPLOYMENT_TARGET = 13.2;
				MTL_ENABLE_DEBUG_INFO = INCLUDE_SOURCE;
				MTL_FAST_MATH = YES;
				ONLY_ACTIVE_ARCH = YES;
				SDKROOT = iphoneos;
				SWIFT_ACTIVE_COMPILATION_CONDITIONS = DEBUG;
				SWIFT_OPTIMIZATION_LEVEL = "-Onone";
			};
			name = Debug;
		};
		61112517244DFBDA00AA5A7F /* Release */ = {
			isa = XCBuildConfiguration;
			buildSettings = {
				ALWAYS_SEARCH_USER_PATHS = NO;
				CLANG_ANALYZER_NONNULL = YES;
				CLANG_ANALYZER_NUMBER_OBJECT_CONVERSION = YES_AGGRESSIVE;
				CLANG_CXX_LANGUAGE_STANDARD = "gnu++14";
				CLANG_CXX_LIBRARY = "libc++";
				CLANG_ENABLE_MODULES = YES;
				CLANG_ENABLE_OBJC_ARC = YES;
				CLANG_ENABLE_OBJC_WEAK = YES;
				CLANG_WARN_BLOCK_CAPTURE_AUTORELEASING = YES;
				CLANG_WARN_BOOL_CONVERSION = YES;
				CLANG_WARN_COMMA = YES;
				CLANG_WARN_CONSTANT_CONVERSION = YES;
				CLANG_WARN_DEPRECATED_OBJC_IMPLEMENTATIONS = YES;
				CLANG_WARN_DIRECT_OBJC_ISA_USAGE = YES_ERROR;
				CLANG_WARN_DOCUMENTATION_COMMENTS = YES;
				CLANG_WARN_EMPTY_BODY = YES;
				CLANG_WARN_ENUM_CONVERSION = YES;
				CLANG_WARN_INFINITE_RECURSION = YES;
				CLANG_WARN_INT_CONVERSION = YES;
				CLANG_WARN_NON_LITERAL_NULL_CONVERSION = YES;
				CLANG_WARN_OBJC_IMPLICIT_RETAIN_SELF = YES;
				CLANG_WARN_OBJC_LITERAL_CONVERSION = YES;
				CLANG_WARN_OBJC_ROOT_CLASS = YES_ERROR;
				CLANG_WARN_RANGE_LOOP_ANALYSIS = YES;
				CLANG_WARN_STRICT_PROTOTYPES = YES;
				CLANG_WARN_SUSPICIOUS_MOVE = YES;
				CLANG_WARN_UNGUARDED_AVAILABILITY = YES_AGGRESSIVE;
				CLANG_WARN_UNREACHABLE_CODE = YES;
				CLANG_WARN__DUPLICATE_METHOD_MATCH = YES;
				COPY_PHASE_STRIP = NO;
				DEBUG_INFORMATION_FORMAT = "dwarf-with-dsym";
				ENABLE_NS_ASSERTIONS = NO;
				ENABLE_STRICT_OBJC_MSGSEND = YES;
				GCC_C_LANGUAGE_STANDARD = gnu11;
				GCC_NO_COMMON_BLOCKS = YES;
				GCC_WARN_64_TO_32_BIT_CONVERSION = YES;
				GCC_WARN_ABOUT_RETURN_TYPE = YES_ERROR;
				GCC_WARN_UNDECLARED_SELECTOR = YES;
				GCC_WARN_UNINITIALIZED_AUTOS = YES_AGGRESSIVE;
				GCC_WARN_UNUSED_FUNCTION = YES;
				GCC_WARN_UNUSED_VARIABLE = YES;
				IPHONEOS_DEPLOYMENT_TARGET = 13.2;
				MTL_ENABLE_DEBUG_INFO = NO;
				MTL_FAST_MATH = YES;
				SDKROOT = iphoneos;
				SWIFT_COMPILATION_MODE = wholemodule;
				SWIFT_OPTIMIZATION_LEVEL = "-O";
				VALIDATE_PRODUCT = YES;
			};
			name = Release;
		};
		61112519244DFBDA00AA5A7F /* Debug */ = {
			isa = XCBuildConfiguration;
			buildSettings = {
				ASSETCATALOG_COMPILER_APPICON_NAME = AppIcon;
				CODE_SIGN_STYLE = Automatic;
				DEVELOPMENT_TEAM = 33Z87RYAC2;
				INFOPLIST_FILE = "Simple-Quiz/Info.plist";
				LD_RUNPATH_SEARCH_PATHS = (
					"$(inherited)",
					"@executable_path/Frameworks",
				);
				PRODUCT_BUNDLE_IDENTIFIER = "com.InformatikaUII.Simple-Quiz";
				PRODUCT_NAME = "$(TARGET_NAME)";
				SWIFT_VERSION = 5.0;
				TARGETED_DEVICE_FAMILY = "1,2";
			};
			name = Debug;
		};
		6111251A244DFBDA00AA5A7F /* Release */ = {
			isa = XCBuildConfiguration;
			buildSettings = {
				ASSETCATALOG_COMPILER_APPICON_NAME = AppIcon;
				CODE_SIGN_STYLE = Automatic;
				DEVELOPMENT_TEAM = 33Z87RYAC2;
				INFOPLIST_FILE = "Simple-Quiz/Info.plist";
				LD_RUNPATH_SEARCH_PATHS = (
					"$(inherited)",
					"@executable_path/Frameworks",
				);
				PRODUCT_BUNDLE_IDENTIFIER = "com.InformatikaUII.Simple-Quiz";
				PRODUCT_NAME = "$(TARGET_NAME)";
				SWIFT_VERSION = 5.0;
				TARGETED_DEVICE_FAMILY = "1,2";
			};
			name = Release;
		};
/* End XCBuildConfiguration section */

/* Begin XCConfigurationList section */
		611124FF244DFBD900AA5A7F /* Build configuration list for PBXProject "Simple-Quiz" */ = {
			isa = XCConfigurationList;
			buildConfigurations = (
				61112516244DFBDA00AA5A7F /* Debug */,
				61112517244DFBDA00AA5A7F /* Release */,
			);
			defaultConfigurationIsVisible = 0;
			defaultConfigurationName = Release;
		};
		61112518244DFBDA00AA5A7F /* Build configuration list for PBXNativeTarget "Simple-Quiz" */ = {
			isa = XCConfigurationList;
			buildConfigurations = (
				61112519244DFBDA00AA5A7F /* Debug */,
				6111251A244DFBDA00AA5A7F /* Release */,
			);
			defaultConfigurationIsVisible = 0;
			defaultConfigurationName = Release;
		};
/* End XCConfigurationList section */
	};
	rootObject = 611124FC244DFBD900AA5A7F /* Project object */;
}
